
Microsoft Visual Studio Solution File, Format Version 12.00
Project("{FAE04EC0-301F-11D3-BF4B-00C04F79EFBC}") = "P_2 Tetris", "P_2 Tetris\P_2 Tetris.csproj", "{DE74B9F0-0F80-4ACE-A523-F7BD23DCB5AA}"
EndProject
Global
	GlobalSection(SolutionConfigurationPlatforms) = preSolution
		Debug|Any CPU = Debug|Any CPU
		Release|Any CPU = Release|Any CPU
	EndGlobalSection
	GlobalSection(ProjectConfigurationPlatforms) = postSolution
		{DE74B9F0-0F80-4ACE-A523-F7BD23DCB5AA}.Debug|Any CPU.ActiveCfg = Debug|Any CPU
		{DE74B9F0-0F80-4ACE-A523-F7BD23DCB5AA}.Debug|Any CPU.Build.0 = Debug|Any CPU
		{DE74B9F0-0F80-4ACE-A523-F7BD23DCB5AA}.Release|Any CPU.ActiveCfg = Release|Any CPU
		{DE74B9F0-0F80-4ACE-A523-F7BD23DCB5AA}.Release|Any CPU.Build.0 = Release|Any CPU
	EndGlobalSection
EndGlobal
